// !$*UTF8*$!
{
	archiveVersion = 1;
	classes = {
	};
	objectVersion = 46;
	objects = {

/* Begin PBXBuildFile section */
		B5EE02DE1B45674B00E5CBFB /* main.m in Sources */ = {isa = PBXBuildFile; fileRef = B5EE02DD1B45674B00E5CBFB /* main.m */; };
		B5EE02E11B45674B00E5CBFB /* AppDelegate.m in Sources */ = {isa = PBXBuildFile; fileRef = B5EE02E01B45674B00E5CBFB /* AppDelegate.m */; };
		B5EE02E41B45674B00E5CBFB /* ViewController.m in Sources */ = {isa = PBXBuildFile; fileRef = B5EE02E31B45674B00E5CBFB /* ViewController.m */; };
		B5EE02E71B45674B00E5CBFB /* Main.storyboard in Resources */ = {isa = PBXBuildFile; fileRef = B5EE02E51B45674B00E5CBFB /* Main.storyboard */; };
		B5EE02E91B45674B00E5CBFB /* Images.xcassets in Resources */ = {isa = PBXBuildFile; fileRef = B5EE02E81B45674B00E5CBFB /* Images.xcassets */; };
		B5EE02EC1B45674B00E5CBFB /* LaunchScreen.xib in Resources */ = {isa = PBXBuildFile; fileRef = B5EE02EA1B45674B00E5CBFB /* LaunchScreen.xib */; };
		B5EE02F81B45674B00E5CBFB /* helloConverterTests.m in Sources */ = {isa = PBXBuildFile; fileRef = B5EE02F71B45674B00E5CBFB /* helloConverterTests.m */; };
/* End PBXBuildFile section */

/* Begin PBXContainerItemProxy section */
		B5EE02F21B45674B00E5CBFB /* PBXContainerItemProxy */ = {
			isa = PBXContainerItemProxy;
			containerPortal = B5EE02D01B45674B00E5CBFB /* Project object */;
			proxyType = 1;
			remoteGlobalIDString = B5EE02D71B45674B00E5CBFB;
			remoteInfo = helloConverter;
		};
/* End PBXContainerItemProxy section */

/* Begin PBXFileReference section */
		B5EE02D81B45674B00E5CBFB /* helloConverter.app */ = {isa = PBXFileReference; explicitFileType = wrapper.application; includeInIndex = 0; path = helloConverter.app; sourceTree = BUILT_PRODUCTS_DIR; };
		B5EE02DC1B45674B00E5CBFB /* Info.plist */ = {isa = PBXFileReference; lastKnownFileType = text.plist.xml; path = Info.plist; sourceTree = "<group>"; };
		B5EE02DD1B45674B00E5CBFB /* main.m */ = {isa = PBXFileReference; lastKnownFileType = sourcecode.c.objc; path = main.m; sourceTree = "<group>"; };
		B5EE02DF1B45674B00E5CBFB /* AppDelegate.h */ = {isa = PBXFileReference; lastKnownFileType = sourcecode.c.h; path = AppDelegate.h; sourceTree = "<group>"; };
		B5EE02E01B45674B00E5CBFB /* AppDelegate.m */ = {isa = PBXFileReference; lastKnownFileType = sourcecode.c.objc; path = AppDelegate.m; sourceTree = "<group>"; };
		B5EE02E21B45674B00E5CBFB /* ViewController.h */ = {isa = PBXFileReference; lastKnownFileType = sourcecode.c.h; path = ViewController.h; sourceTree = "<group>"; };
		B5EE02E31B45674B00E5CBFB /* ViewController.m */ = {isa = PBXFileReference; lastKnownFileType = sourcecode.c.objc; path = ViewController.m; sourceTree = "<group>"; };
		B5EE02E61B45674B00E5CBFB /* Base */ = {isa = PBXFileReference; lastKnownFileType = file.storyboard; name = Base; path = Base.lproj/Main.storyboard; sourceTree = "<group>"; };
		B5EE02E81B45674B00E5CBFB /* Images.xcassets */ = {isa = PBXFileReference; lastKnownFileType = folder.assetcatalog; path = Images.xcassets; sourceTree = "<group>"; };
		B5EE02EB1B45674B00E5CBFB /* Base */ = {isa = PBXFileReference; lastKnownFileType = file.xib; name = Base; path = Base.lproj/LaunchScreen.xib; sourceTree = "<group>"; };
		B5EE02F11B45674B00E5CBFB /* helloConverterTests.xctest */ = {isa = PBXFileReference; explicitFileType = wrapper.cfbundle; includeInIndex = 0; path = helloConverterTests.xctest; sourceTree = BUILT_PRODUCTS_DIR; };
		B5EE02F61B45674B00E5CBFB /* Info.plist */ = {isa = PBXFileReference; lastKnownFileType = text.plist.xml; path = Info.plist; sourceTree = "<group>"; };
		B5EE02F71B45674B00E5CBFB /* helloConverterTests.m */ = {isa = PBXFileReference; lastKnownFileType = sourcecode.c.objc; path = helloConverterTests.m; sourceTree = "<group>"; };
/* End PBXFileReference section */

/* Begin PBXFrameworksBuildPhase section */
		B5EE02D51B45674B00E5CBFB /* Frameworks */ = {
			isa = PBXFrameworksBuildPhase;
			buildActionMask = 2147483647;
			files = (
			);
			runOnlyForDeploymentPostprocessing = 0;
		};
		B5EE02EE1B45674B00E5CBFB /* Frameworks */ = {
			isa = PBXFrameworksBuildPhase;
			buildActionMask = 2147483647;
			files = (
			);
			runOnlyForDeploymentPostprocessing = 0;
		};
/* End PBXFrameworksBuildPhase section */

/* Begin PBXGroup section */
		B5EE02CF1B45674B00E5CBFB = {
			isa = PBXGroup;
			children = (
				B5EE02DA1B45674B00E5CBFB /* helloConverter */,
				B5EE02F41B45674B00E5CBFB /* helloConverterTests */,
				B5EE02D91B45674B00E5CBFB /* Products */,
			);
			sourceTree = "<group>";
		};
		B5EE02D91B45674B00E5CBFB /* Products */ = {
			isa = PBXGroup;
			children = (
				B5EE02D81B45674B00E5CBFB /* helloConverter.app */,
				B5EE02F11B45674B00E5CBFB /* helloConverterTests.xctest */,
			);
			name = Products;
			sourceTree = "<group>";
		};
		B5EE02DA1B45674B00E5CBFB /* helloConverter */ = {
			isa = PBXGroup;
			children = (
				B5EE02DF1B45674B00E5CBFB /* AppDelegate.h */,
				B5EE02E01B45674B00E5CBFB /* AppDelegate.m */,
				B5EE02E21B45674B00E5CBFB /* ViewController.h */,
				B5EE02E31B45674B00E5CBFB /* ViewController.m */,
				B5EE02E51B45674B00E5CBFB /* Main.storyboard */,
				B5EE02E81B45674B00E5CBFB /* Images.xcassets */,
				B5EE02EA1B45674B00E5CBFB /* LaunchScreen.xib */,
				B5EE02DB1B45674B00E5CBFB /* Supporting Files */,
			);
			path = helloConverter;
			sourceTree = "<group>";
		};
		B5EE02DB1B45674B00E5CBFB /* Supporting Files */ = {
			isa = PBXGroup;
			children = (
				B5EE02DC1B45674B00E5CBFB /* Info.plist */,
				B5EE02DD1B45674B00E5CBFB /* main.m */,
			);
			name = "Supporting Files";
			sourceTree = "<group>";
		};
		B5EE02F41B45674B00E5CBFB /* helloConverterTests */ = {
			isa = PBXGroup;
			children = (
				B5EE02F71B45674B00E5CBFB /* helloConverterTests.m */,
				B5EE02F51B45674B00E5CBFB /* Supporting Files */,
			);
			path = helloConverterTests;
			sourceTree = "<group>";
		};
		B5EE02F51B45674B00E5CBFB /* Supporting Files */ = {
			isa = PBXGroup;
			children = (
				B5EE02F61B45674B00E5CBFB /* Info.plist */,
			);
			name = "Supporting Files";
			sourceTree = "<group>";
		};
/* End PBXGroup section */

/* Begin PBXNativeTarget section */
		B5EE02D71B45674B00E5CBFB /* helloConverter */ = {
			isa = PBXNativeTarget;
			buildConfigurationList = B5EE02FB1B45674B00E5CBFB /* Build configuration list for PBXNativeTarget "helloConverter" */;
			buildPhases = (
				B5EE02D41B45674B00E5CBFB /* Sources */,
				B5EE02D51B45674B00E5CBFB /* Frameworks */,
				B5EE02D61B45674B00E5CBFB /* Resources */,
			);
			buildRules = (
			);
			dependencies = (
			);
			name = helloConverter;
			productName = helloConverter;
			productReference = B5EE02D81B45674B00E5CBFB /* helloConverter.app */;
			productType = "com.apple.product-type.application";
		};
		B5EE02F01B45674B00E5CBFB /* helloConverterTests */ = {
			isa = PBXNativeTarget;
			buildConfigurationList = B5EE02FE1B45674B00E5CBFB /* Build configuration list for PBXNativeTarget "helloConverterTests" */;
			buildPhases = (
				B5EE02ED1B45674B00E5CBFB /* Sources */,
				B5EE02EE1B45674B00E5CBFB /* Frameworks */,
				B5EE02EF1B45674B00E5CBFB /* Resources */,
			);
			buildRules = (
			);
			dependencies = (
				B5EE02F31B45674B00E5CBFB /* PBXTargetDependency */,
			);
			name = helloConverterTests;
			productName = helloConverterTests;
			productReference = B5EE02F11B45674B00E5CBFB /* helloConverterTests.xctest */;
			productType = "com.apple.product-type.bundle.unit-test";
		};
/* End PBXNativeTarget section */

/* Begin PBXProject section */
		B5EE02D01B45674B00E5CBFB /* Project object */ = {
			isa = PBXProject;
			attributes = {
				LastUpgradeCheck = 0630;
				ORGANIZATIONNAME = cpttm;
				TargetAttributes = {
					B5EE02D71B45674B00E5CBFB = {
						CreatedOnToolsVersion = 6.3.2;
					};
					B5EE02F01B45674B00E5CBFB = {
						CreatedOnToolsVersion = 6.3.2;
						TestTargetID = B5EE02D71B45674B00E5CBFB;
					};
				};
			};
			buildConfigurationList = B5EE02D31B45674B00E5CBFB /* Build configuration list for PBXProject "helloConverter" */;
			compatibilityVersion = "Xcode 3.2";
			developmentRegion = English;
			hasScannedForEncodings = 0;
			knownRegions = (
				en,
				Base,
			);
			mainGroup = B5EE02CF1B45674B00E5CBFB;
			productRefGroup = B5EE02D91B45674B00E5CBFB /* Products */;
			projectDirPath = "";
			projectRoot = "";
			targets = (
				B5EE02D71B45674B00E5CBFB /* helloConverter */,
				B5EE02F01B45674B00E5CBFB /* helloConverterTests */,
			);
		};
/* End PBXProject section */

/* Begin PBXResourcesBuildPhase section */
		B5EE02D61B45674B00E5CBFB /* Resources */ = {
			isa = PBXResourcesBuildPhase;
			buildActionMask = 2147483647;
			files = (
				B5EE02E71B45674B00E5CBFB /* Main.storyboard in Resources */,
				B5EE02EC1B45674B00E5CBFB /* LaunchScreen.xib in Resources */,
				B5EE02E91B45674B00E5CBFB /* Images.xcassets in Resources */,
			);
			runOnlyForDeploymentPostprocessing = 0;
		};
		B5EE02EF1B45674B00E5CBFB /* Resources */ = {
			isa = PBXResourcesBuildPhase;
			buildActionMask = 2147483647;
			files = (
			);
			runOnlyForDeploymentPostprocessing = 0;
		};
/* End PBXResourcesBuildPhase section */

/* Begin PBXSourcesBuildPhase section */
		B5EE02D41B45674B00E5CBFB /* Sources */ = {
			isa = PBXSourcesBuildPhase;
			buildActionMask = 2147483647;
			files = (
				B5EE02E41B45674B00E5CBFB /* ViewController.m in Sources */,
				B5EE02E11B45674B00E5CBFB /* AppDelegate.m in Sources */,
				B5EE02DE1B45674B00E5CBFB /* main.m in Sources */,
			);
			runOnlyForDeploymentPostprocessing = 0;
		};
		B5EE02ED1B45674B00E5CBFB /* Sources */ = {
			isa = PBXSourcesBuildPhase;
			buildActionMask = 2147483647;
			files = (
				B5EE02F81B45674B00E5CBFB /* helloConverterTests.m in Sources */,
			);
			runOnlyForDeploymentPostprocessing = 0;
		};
/* End PBXSourcesBuildPhase section */

/* Begin PBXTargetDependency section */
		B5EE02F31B45674B00E5CBFB /* PBXTargetDependency */ = {
			isa = PBXTargetDependency;
			target = B5EE02D71B45674B00E5CBFB /* helloConverter */;
			targetProxy = B5EE02F21B45674B00E5CBFB /* PBXContainerItemProxy */;
		};
/* End PBXTargetDependency section */

/* Begin PBXVariantGroup section */
		B5EE02E51B45674B00E5CBFB /* Main.storyboard */ = {
			isa = PBXVariantGroup;
			children = (
				B5EE02E61B45674B00E5CBFB /* Base */,
			);
			name = Main.storyboard;
			sourceTree = "<group>";
		};
		B5EE02EA1B45674B00E5CBFB /* LaunchScreen.xib */ = {
			isa = PBXVariantGroup;
			children = (
				B5EE02EB1B45674B00E5CBFB /* Base */,
			);
			name = LaunchScreen.xib;
			sourceTree = "<group>";
		};
/* End PBXVariantGroup section */

/* Begin XCBuildConfiguration section */
		B5EE02F91B45674B00E5CBFB /* Debug */ = {
			isa = XCBuildConfiguration;
			buildSettings = {
				ALWAYS_SEARCH_USER_PATHS = NO;
				CLANG_CXX_LANGUAGE_STANDARD = "gnu++0x";
				CLANG_CXX_LIBRARY = "libc++";
				CLANG_ENABLE_MODULES = YES;
				CLANG_ENABLE_OBJC_ARC = YES;
				CLANG_WARN_BOOL_CONVERSION = YES;
				CLANG_WARN_CONSTANT_CONVERSION = YES;
				CLANG_WARN_DIRECT_OBJC_ISA_USAGE = YES_ERROR;
				CLANG_WARN_EMPTY_BODY = YES;
				CLANG_WARN_ENUM_CONVERSION = YES;
				CLANG_WARN_INT_CONVERSION = YES;
				CLANG_WARN_OBJC_ROOT_CLASS = YES_ERROR;
				CLANG_WARN_UNREACHABLE_CODE = YES;
				CLANG_WARN__DUPLICATE_METHOD_MATCH = YES;
				"CODE_SIGN_IDENTITY[sdk=iphoneos*]" = "iPhone Developer";
				COPY_PHASE_STRIP = NO;
				DEBUG_INFORMATION_FORMAT = "dwarf-with-dsym";
				ENABLE_STRICT_OBJC_MSGSEND = YES;
				GCC_C_LANGUAGE_STANDARD = gnu99;
				GCC_DYNAMIC_NO_PIC = NO;
				GCC_NO_COMMON_BLOCKS = YES;
				GCC_OPTIMIZATION_LEVEL = 0;
				GCC_PREPROCESSOR_DEFINITIONS = (
					"DEBUG=1",
					"$(inherited)",
				);
				GCC_SYMBOLS_PRIVATE_EXTERN = NO;
				GCC_WARN_64_TO_32_BIT_CONVERSION = YES;
				GCC_WARN_ABOUT_RETURN_TYPE = YES_ERROR;
				GCC_WARN_UNDECLARED_SELECTOR = YES;
				GCC_WARN_UNINITIALIZED_AUTOS = YES_AGGRESSIVE;
				GCC_WARN_UNUSED_FUNCTION = YES;
				GCC_WARN_UNUSED_VARIABLE = YES;
				IPHONEOS_DEPLOYMENT_TARGET = 8.3;
				MTL_ENABLE_DEBUG_INFO = YES;
				ONLY_ACTIVE_ARCH = YES;
				SDKROOT = iphoneos;
			};
			name = Debug;
		};
		B5EE02FA1B45674B00E5CBFB /* Release */ = {
			isa = XCBuildConfiguration;
			buildSettings = {
				ALWAYS_SEARCH_USER_PATHS = NO;
				CLANG_CXX_LANGUAGE_STANDARD = "gnu++0x";
				CLANG_CXX_LIBRARY = "libc++";
				CLANG_ENABLE_MODULES = YES;
				CLANG_ENABLE_OBJC_ARC = YES;
				CLANG_WARN_BOOL_CONVERSION = YES;
				CLANG_WARN_CONSTANT_CONVERSION = YES;
				CLANG_WARN_DIRECT_OBJC_ISA_USAGE = YES_ERROR;
				CLANG_WARN_EMPTY_BODY = YES;
				CLANG_WARN_ENUM_CONVERSION = YES;
				CLANG_WARN_INT_CONVERSION = YES;
				CLANG_WARN_OBJC_ROOT_CLASS = YES_ERROR;
				CLANG_WARN_UNREACHABLE_CODE = YES;
				CLANG_WARN__DUPLICATE_METHOD_MATCH = YES;
				"CODE_SIGN_IDENTITY[sdk=iphoneos*]" = "iPhone Developer";
				COPY_PHASE_STRIP = NO;
				DEBUG_INFORMATION_FORMAT = "dwarf-with-dsym";
				ENABLE_NS_ASSERTIONS = NO;
				ENABLE_STRICT_OBJC_MSGSEND = YES;
				GCC_C_LANGUAGE_STANDARD = gnu99;
				GCC_NO_COMMON_BLOCKS = YES;
				GCC_WARN_64_TO_32_BIT_CONVERSION = YES;
				GCC_WARN_ABOUT_RETURN_TYPE = YES_ERROR;
				GCC_WARN_UNDECLARED_SELECTOR = YES;
				GCC_WARN_UNINITIALIZED_AUTOS = YES_AGGRESSIVE;
				GCC_WARN_UNUSED_FUNCTION = YES;
				GCC_WARN_UNUSED_VARIABLE = YES;
				IPHONEOS_DEPLOYMENT_TARGET = 8.3;
				MTL_ENABLE_DEBUG_INFO = NO;
				SDKROOT = iphoneos;
				VALIDATE_PRODUCT = YES;
			};
			name = Release;
		};
		B5EE02FC1B45674B00E5CBFB /* Debug */ = {
			isa = XCBuildConfiguration;
			buildSettings = {
				ASSETCATALOG_COMPILER_APPICON_NAME = AppIcon;
				INFOPLIST_FILE = helloConverter/Info.plist;
				LD_RUNPATH_SEARCH_PATHS = "$(inherited) @executable_path/Frameworks";
				PRODUCT_NAME = "$(TARGET_NAME)";
			};
			name = Debug;
		};
		B5EE02FD1B45674B00E5CBFB /* Release */ = {
			isa = XCBuildConfiguration;
			buildSettings = {
				ASSETCATALOG_COMPILER_APPICON_NAME = AppIcon;
				INFOPLIST_FILE = helloConverter/Info.plist;
				LD_RUNPATH_SEARCH_PATHS = "$(inherited) @executable_path/Frameworks";
				PRODUCT_NAME = "$(TARGET_NAME)";
			};
			name = Release;
		};
		B5EE02FF1B45674B00E5CBFB /* Debug */ = {
			isa = XCBuildConfiguration;
			buildSettings = {
				BUNDLE_LOADER = "$(TEST_HOST)";
				FRAMEWORK_SEARCH_PATHS = (
					"$(SDKROOT)/Developer/Library/Frameworks",
					"$(inherited)",
				);
				GCC_PREPROCESSOR_DEFINITIONS = (
					"DEBUG=1",
					"$(inherited)",
				);
				INFOPLIST_FILE = helloConverterTests/Info.plist;
				LD_RUNPATH_SEARCH_PATHS = "$(inherited) @executable_path/Frameworks @loader_path/Frameworks";
				PRODUCT_NAME = "$(TARGET_NAME)";
				TEST_HOST = "$(BUILT_PRODUCTS_DIR)/helloConverter.app/helloConverter";
			};
			name = Debug;
		};
		B5EE03001B45674B00E5CBFB /* Release */ = {
			isa = XCBuildConfiguration;
			buildSettings = {
				BUNDLE_LOADER = "$(TEST_HOST)";
				FRAMEWORK_SEARCH_PATHS = (
					"$(SDKROOT)/Developer/Library/Frameworks",
					"$(inherited)",
				);
				INFOPLIST_FILE = helloConverterTests/Info.plist;
				LD_RUNPATH_SEARCH_PATHS = "$(inherited) @executable_path/Frameworks @loader_path/Frameworks";
				PRODUCT_NAME = "$(TARGET_NAME)";
				TEST_HOST = "$(BUILT_PRODUCTS_DIR)/helloConverter.app/helloConverter";
			};
			name = Release;
		};
/* End XCBuildConfiguration section */

/* Begin XCConfigurationList section */
		B5EE02D31B45674B00E5CBFB /* Build configuration list for PBXProject "helloConverter" */ = {
			isa = XCConfigurationList;
			buildConfigurations = (
				B5EE02F91B45674B00E5CBFB /* Debug */,
				B5EE02FA1B45674B00E5CBFB /* Release */,
			);
			defaultConfigurationIsVisible = 0;
			defaultConfigurationName = Release;
		};
		B5EE02FB1B45674B00E5CBFB /* Build configuration list for PBXNativeTarget "helloConverter" */ = {
			isa = XCConfigurationList;
			buildConfigurations = (
				B5EE02FC1B45674B00E5CBFB /* Debug */,
				B5EE02FD1B45674B00E5CBFB /* Release */,
			);
			defaultConfigurationIsVisible = 0;
		};
		B5EE02FE1B45674B00E5CBFB /* Build configuration list for PBXNativeTarget "helloConverterTests" */ = {
			isa = XCConfigurationList;
			buildConfigurations = (
				B5EE02FF1B45674B00E5CBFB /* Debug */,
				B5EE03001B45674B00E5CBFB /* Release */,
			);
			defaultConfigurationIsVisible = 0;
		};
/* End XCConfigurationList section */
	};
	rootObject = B5EE02D01B45674B00E5CBFB /* Project object */;
}
